
Microsoft Visual Studio Solution File, Format Version 10.00
# Visual Studio 2008
Project("{8BC9CEB8-8B4A-11D0-8D11-00A0C91BC942}") = "MFCMaze", "MFCMaze\MFCMaze.vcproj", "{FC287BE6-8633-45B0-A978-167C941A961F}"
EndProject
Global
	GlobalSection(SolutionConfigurationPlatforms) = preSolution
		Debug|Win32 = Debug|Win32
		Release|Win32 = Release|Win32
	EndGlobalSection
	GlobalSection(ProjectConfigurationPlatforms) = postSolution
		{FC287BE6-8633-45B0-A978-167C941A961F}.Debug|Win32.ActiveCfg = Debug|Win32
		{FC287BE6-8633-45B0-A978-167C941A961F}.Debug|Win32.Build.0 = Debug|Win32
		{FC287BE6-8633-45B0-A978-167C941A961F}.Release|Win32.ActiveCfg = Release|Win32
		{FC287BE6-8633-45B0-A978-167C941A961F}.Release|Win32.Build.0 = Release|Win32
	EndGlobalSection
	GlobalSection(SolutionProperties) = preSolution
		HideSolutionNode = FALSE
	EndGlobalSection
EndGlobal
